
Microsoft Visual Studio Solution File, Format Version 12.00
# Visual Studio Version 16
VisualStudioVersion = 16.0.29509.3
MinimumVisualStudioVersion = 10.0.40219.1
Project("{FAE04EC0-301F-11D3-BF4B-00C04F79EFBC}") = "Mp3ToMp4", "Mp3ToMp4\Mp3ToMp4.csproj", "{47392BAC-7B18-441A-8764-6151D007FC67}"
EndProject
Project("{9A19103F-16F7-4668-BE54-9A1E7A4F7556}") = "RayITUtilityCore31", "RayITUtilityCore31\RayITUtilityCore31.csproj", "{18DFBB7A-2950-428B-9C34-14DA4BE997E6}"
EndProject
Project("{9A19103F-16F7-4668-BE54-9A1E7A4F7556}") = "Web", "Web\Web.csproj", "{5F5A6C05-1886-43F4-A9A4-CB1D4A1D2323}"
EndProject
Project("{FAE04EC0-301F-11D3-BF4B-00C04F79EFBC}") = "SendMail", "SendMail\SendMail.csproj", "{18C14D7D-12F0-4EBF-B912-9533DEBE6E53}"
EndProject
Project("{FAE04EC0-301F-11D3-BF4B-00C04F79EFBC}") = "RayITUtilityNet472", "RayITUtilityNet472\RayITUtilityNet472.csproj", "{BFBCF0ED-D46B-4EE2-AD08-7004A886E657}"
EndProject
Global
	GlobalSection(SolutionConfigurationPlatforms) = preSolution
		Debug|Any CPU = Debug|Any CPU
		Release|Any CPU = Release|Any CPU
	EndGlobalSection
	GlobalSection(ProjectConfigurationPlatforms) = postSolution
		{47392BAC-7B18-441A-8764-6151D007FC67}.Debug|Any CPU.ActiveCfg = Debug|Any CPU
		{47392BAC-7B18-441A-8764-6151D007FC67}.Debug|Any CPU.Build.0 = Debug|Any CPU
		{47392BAC-7B18-441A-8764-6151D007FC67}.Release|Any CPU.ActiveCfg = Release|Any CPU
		{47392BAC-7B18-441A-8764-6151D007FC67}.Release|Any CPU.Build.0 = Release|Any CPU
		{18DFBB7A-2950-428B-9C34-14DA4BE997E6}.Debug|Any CPU.ActiveCfg = Debug|Any CPU
		{18DFBB7A-2950-428B-9C34-14DA4BE997E6}.Debug|Any CPU.Build.0 = Debug|Any CPU
		{18DFBB7A-2950-428B-9C34-14DA4BE997E6}.Release|Any CPU.ActiveCfg = Release|Any CPU
		{18DFBB7A-2950-428B-9C34-14DA4BE997E6}.Release|Any CPU.Build.0 = Release|Any CPU
		{5F5A6C05-1886-43F4-A9A4-CB1D4A1D2323}.Debug|Any CPU.ActiveCfg = Debug|Any CPU
		{5F5A6C05-1886-43F4-A9A4-CB1D4A1D2323}.Debug|Any CPU.Build.0 = Debug|Any CPU
		{5F5A6C05-1886-43F4-A9A4-CB1D4A1D2323}.Release|Any CPU.ActiveCfg = Release|Any CPU
		{5F5A6C05-1886-43F4-A9A4-CB1D4A1D2323}.Release|Any CPU.Build.0 = Release|Any CPU
		{18C14D7D-12F0-4EBF-B912-9533DEBE6E53}.Debug|Any CPU.ActiveCfg = Debug|Any CPU
		{18C14D7D-12F0-4EBF-B912-9533DEBE6E53}.Debug|Any CPU.Build.0 = Debug|Any CPU
		{18C14D7D-12F0-4EBF-B912-9533DEBE6E53}.Release|Any CPU.ActiveCfg = Release|Any CPU
		{18C14D7D-12F0-4EBF-B912-9533DEBE6E53}.Release|Any CPU.Build.0 = Release|Any CPU
		{BFBCF0ED-D46B-4EE2-AD08-7004A886E657}.Debug|Any CPU.ActiveCfg = Debug|Any CPU
		{BFBCF0ED-D46B-4EE2-AD08-7004A886E657}.Debug|Any CPU.Build.0 = Debug|Any CPU
		{BFBCF0ED-D46B-4EE2-AD08-7004A886E657}.Release|Any CPU.ActiveCfg = Release|Any CPU
		{BFBCF0ED-D46B-4EE2-AD08-7004A886E657}.Release|Any CPU.Build.0 = Release|Any CPU
	EndGlobalSection
	GlobalSection(SolutionProperties) = preSolution
		HideSolutionNode = FALSE
	EndGlobalSection
	GlobalSection(ExtensibilityGlobals) = postSolution
		SolutionGuid = {D38FDDDF-134D-47B9-B1AA-416D1ED781C7}
	EndGlobalSection
EndGlobal
